
Microsoft Visual Studio Solution File, Format Version 11.00
# Visual Studio 2010
Project("{FAE04EC0-301F-11D3-BF4B-00C04F79EFBC}") = "Assembly-CSharp", "Assembly-CSharp.csproj", "{C9091EBB-8636-D10E-F335-73DC6085CA9F}"
EndProject
Project("{FAE04EC0-301F-11D3-BF4B-00C04F79EFBC}") = "Assembly-CSharp-Editor", "Assembly-CSharp-Editor.csproj", "{87ACD181-B594-FB7B-E77B-196F38E182D0}"
EndProject
Global
	GlobalSection(SolutionConfigurationPlatforms) = preSolution
		Debug|Any CPU = Debug|Any CPU
		Release|Any CPU = Release|Any CPU
	EndGlobalSection
	GlobalSection(ProjectConfigurationPlatforms) = postSolution
		{C9091EBB-8636-D10E-F335-73DC6085CA9F}.Debug|Any CPU.ActiveCfg = Debug|Any CPU
		{C9091EBB-8636-D10E-F335-73DC6085CA9F}.Debug|Any CPU.Build.0 = Debug|Any CPU
		{C9091EBB-8636-D10E-F335-73DC6085CA9F}.Release|Any CPU.ActiveCfg = Release|Any CPU
		{C9091EBB-8636-D10E-F335-73DC6085CA9F}.Release|Any CPU.Build.0 = Release|Any CPU
		{87ACD181-B594-FB7B-E77B-196F38E182D0}.Debug|Any CPU.ActiveCfg = Debug|Any CPU
		{87ACD181-B594-FB7B-E77B-196F38E182D0}.Debug|Any CPU.Build.0 = Debug|Any CPU
		{87ACD181-B594-FB7B-E77B-196F38E182D0}.Release|Any CPU.ActiveCfg = Release|Any CPU
		{87ACD181-B594-FB7B-E77B-196F38E182D0}.Release|Any CPU.Build.0 = Release|Any CPU
	EndGlobalSection
	GlobalSection(SolutionProperties) = preSolution
		HideSolutionNode = FALSE
	EndGlobalSection
	GlobalSection(MonoDevelopProperties) = preSolution
		StartupItem = Assembly-CSharp.csproj
	EndGlobalSection
EndGlobal
